U2FsdGVkX19DLH8MpxOS8CAGZlsV1rWyJ+BCkqsW4UV8v/o7ay/LhNIVp1lBmcfs
g/hQBy9G8q/coF/hgCqdZBlU2NJWlhksEasoW1KxaE2Ps1/gxFlMty3Hw1qp6awu
kzggz4OdE9oE11NWiTE9Gz/HzvBzEl+MuXxRuVomKoNbd2EtUkE2o5yOF+TRFGiD
RJe0bQxWJdIZL8BY03i7pNsQSEnywEvzzUnjU6P047j8imJlHw/1XuxLnODWHjaS
jyZqSeC64nF2JCpVSG8beqBFgNwxw0bg17ufjo/FpQFaS+tf3ulHcBhGM48x0E2m
ts5mZZHzBlU269Zj/LQyx7LXCJNanFJnzwM0LLXabKjbeYL3HmOL/gqnSSj3MW+U
LIJaYlBo/Lf0T+FiMci3wA2r9/kOV0a6FzAf6mL3AgpJXFoKR7MooU6QhWtLw5ZQ
eLD2fa2sizuCmP79mHhEOIk17A0GT6NiAJAKn321bdpDu8fAw9C2BYCUfN5O43Kk
m00AKsvrwCqjtTTAOUUnbKdcHF2/oQjnuYPEadN4e+nsqTy/2JG5UY8kDBXUTTGJ
cWFu0Yo+XERKR2OEdotH5geKJ3tXMfa47TdNarJ1SE6whztWE1PKsYrs9gsQXqta
3crEaFg/ZxuY+0bvh+JuCZfMbpYk/Fk0wMoPT2O3wrHWdj6fjSexRyf4VTw+dyyx
Fvyf3ZWsK48a1BzzBdW2MbZbITJ2jKllKNjzs1IXKHY40Y6cVk8E7s9gy6eua7ZI
fxA/B/KgHQo5SLMoH7YY6vrPB8f1Z6ePwbcSb8m6o/GKQRK8oM8+knI//zZRZbsm
4D/Hf1hL/KJjO+zXG1S5TWeZG8fSAK1QB4gyGCTOH4uvOaH4QHAFNsxdUAkzzvQW
mTSOlUnaLnSIGVtVZJkPIb4oBgDOXP9+ZK3QY27m5xkyMOU4xV4mM6nKUW9nagy/
7fYfcckY9mAodHLg2U7IDTUC9fgIMz7s0sq9Whiv1gpvyzB+ybaeg8z7GY2CAamK
mkOqrsLKIVKChG96W4ZIwGCpMxaOX0AHOAh1aoGS+EcaiyUC4Pq5KSLEdLUyu0Nb
Hdm6UcWWlTuHMMnWq8IFJJFNfKCBTxv5PmmQM6yvONTZZlq019HAtd778goNdNnB
ccN4KNlqT0vNGRQFkk7jE6FY6zLZ7tXgA+aSLjkwLW33OZmih7uIHI9peP7e3IW9
5AO6EFeFcdL/YAKRdUY3H3UuWEtS3RZPq4hYPjNIQIP3mx2H2kqKc22KcGEoVXMI
1+lIZerca9uNwK0+s36THXNUNfE40tnmp6wAawBQu1BtWoffV1tw7C27SUEMiHge
BsnpXJ5Er6UpV80IfTDR7BMWCzi7gjVde7wuNsv/R0SxeKXfy/hA8HCs3fv2qTom
DJwcxgIFAr1BYiUMskKMXJHCBLSqgPfHrST48SWFaNamLv8K4XiENk82HyryOpDy
sCNGBQMYj2Qj82qVT99q9/7rlDIxC6/lc/Xd8zw1MkmkaXvZTXczakJ2UL5oXS/W
8iOQw4E41vo91XtLB9hgBEwxQduY4PuPC2hSf8CK2X3vH0V5QbwX0CXMGriP4J8e
GFgXusVJ41yfacfVAR7SKm+m+F1sfBdf2LnbyS43IiuUUTO3gUQQH928p/wYdcGV
iZMOC9twQLPtwVgh9yQxjZRGPnB6otlmQc8839HWbnDqYZiNZrMNog7Ft5Isvy6q
qY2aidOj/En8DAm3jus7TTGhs5MxCjplF9mYETpXknDJSOiulIggQiZsJY3mP1LZ
t38RhRxH6xl3eFv2pIgCipOfr2xJq06bkCJXKmADmZc5uX0QjCqMgm9JJHtWAJgx
8W9B5O+VBRMBE6SM5tlVx7Jvo7drfaf+DxeZ8EkqdxXH8N0HOWq+L6an5ZN/UGi+
r2fkYxIKXpQiGczzXNv08RDn8dv62wnbytIczCNG7xj17zSeqYn5jEhSYU+c/4hA
QKWRXdadE86k1EBcf0wDzLNTPcHnymWVmrFbtj8Li+FQxKaNm7C7v8UoZzcVZ3pp
dfN2NP+i7yobMzZQk5KCisqZ8WiTVCAqm1KjxPbYCl8Io4Xxem1DiXXnc18vV5Mt
PKvyBQxbN6vFVJ9oc0hmvaKD+RHuXXGkvl49E5n+2jDcVfkTtXZOnq6opB3ZphVP
5my2PktOs4K4xeoEPC+2Beo1qArl3sY0QpfaOIwqLuw63NZdlGYR4uToTT3mKrTc
kN/OcPBpDVVsUDgt89O2BhN3ZoXJHfTzvQfJmYcyNvXaK41lRaJn0iIIS9+fyo7m
Av4nPVppZYlfQixzYHBAKwWe7k2R2qJ4HQqaDwM2GLdT1zfV+kucYL3hX30B0HzI
ny027GXoOQR4XDz+oqk1hZPd+TODyj7M85XtELvc+PmeBPSD/62OXMGQXSyQ1MKQ
53p3lb4KrGbWWhNGayPfZ+ViQGhWKyXK1mRCcHgX2wygjfHKtg6XPeg+3QVwGj8I
jHO+NgDgiMYJICyz5vdbDjMYjC6HgkvmCQV0kVbR6WFJCJHq1WHRcLqi5HgIVI8b
05PBoc1BaD1pgXVpq6c5zsZ9qqwyaH6azUgeBaJYRbZ1lbSY9MDqgsD2nL4x3fgP
3C8wqaWvVtAiUd0lBYahMvkRVOKa7gMIVXBnKsUZxRFAwfccjtwkruo5JrbZE58Q
ntUCCux6NclQVJxdIGUj1nzO8qj7kPTR8p8yLRfawKwydta1k6USuTlErAhc9wV8
uPt4pqrGqn2m6HQwrs7vPV68Bkj4gnYmk9Qqsd6vqdMO/rhBY9wONDnfytTDsRJ5
s85ShLGX60Wb10Yyyi+n04H4Lf6XN4689iVNhHZBGZaYk3cZrlQrOrcUkeAd2fN6
r5pOPB20045JwRe/dvLVL04zN7aZYzDnPFufvd8gw0af8/H/b6G4dbppbHCZq9Y0
ldHcwnW6bIv5QkxWUN7/mp90NoP+7H7SVkALW9XLXTdJCDU2yOsjnOh7KZ1HD5On
iAKfS3el/cxySYkfxhDljUDSasTm9+V2sZvTWfJRxXqgh9+y/78YYX0hohoEacbq
43dIYvg6mgu8/PF/Zmgspja723QSTK3tZWWfcfCmt9zxTmi3a5LRe+mSzuKQDhkv
pGyRW/hezizHW6Vui9AYg5Csz+zsK2fT2e9oXGgzOskERMMKw+DhRsCLnG/iRiFJ
2gOTd5cXmi4A1HFUFbFaDXqNjyQ/T9PZPVbPeusCDNZFDNpMfLxN0YCfeUszlqwr
iamBitNmJw+HtOmBwIGwQk3DlB3xq1lEoUtx8L51MehoygOsNytY01UPc7TnAgkt
QZHMqaHHHk/4VQnqkGjSx21wns6e33MetoUGhN+RUKhnKRtcVoFv0mdAJL2EsJ7u
R5FIQzCO/FaRcwxp/z9NG3Tod5jCFJYMJkm1OkYpzU0YXGXf6jW8o5ZlewRagYrM
7+eyLasoGT0a9KC53NC6AhdCmRIZBo5xIIfiA3V1RQcfbf8o5Gts22KKDxtgch3e
0wsM0jlcN+nZQIEsBlmZOrO4KUFZXBbGQQgsujyBv1fJ5dCfDM9FjL0969GdffcS
CuCdeUP7Hv1Ib4Uho7O9POBdU/GJ30jVDetBtVSLb9JNpN9j8xuke6TQkcX1s8zk
C4BdCPwbn3SNElTGXNWaI5I9R7+f8X7kIshMeFc8kJ6tSJpGCXKwAOomDjINx4Gq
Jr5LXAUNib9HTd6n8Nuk8EZ2t4wvYYYe+AY1rkJTSIk6qWmGMhxnm67+gzCkNfkV
ZVogBXI+qHBXB3yzngkB1B0bR5isJZjukIZNUmZo+JdnJWSFvH5wUqTvXqg9ujKG
Pa04nFIoVFpPXBjBkWd5QA5QiwyNpPoE/MOmZ7WnYJBIcRuOh+llVjeldLMQI3cB
SE6Dvr8WMn4+hNpVDS6wrKA2P11/Xqof++iFRIo2XBsIPYKkVNuTBOflyOhRR2Wi
+i8rbnuKYTEUE0xxqNmoUuwP9Ww8DkRRH6cxyvnduwhocQszWTLwAalCV7gAYifd
2PViE4FEiTF6rkBDLoyTztOkGSNK24ZLZTA3XCG5urYlTToxqSiqRynuceFIdF5d
kD8p+rutUPYjiUFod9IJDzp/3b2FMTI+qVk78LOVN+v8HDJYzAYIWSjcBCB3F6+v
McYRMQLIhaBK2ip4wrtbuGRob6fdzaWXau5zJ/tPq/Go0OuPzK3TvN+CrnFm9UXZ
EembnLpa+swcW0Op4Wnki7CNSApVeKihnCAcRJqyEh8H1KlGNDwJ7Jx6EQSaJuhQ
6uGG6DKwS/pwZIsPn0fzy0RjjQQXabZkdCL6S63AjGSvCWRDyMo+vtkt3OiJAzrC
OFGh/xWX9l2tFBayMrYypBCC3wu3lR91krv4erTghSGBN5K/Qf/m0P+caqToLGgE
i93I+NPlWCmHdRSonK0UezMJiHIkwCzgubBnFjcGmjLQLjFaMSniQ7WyGGhehVkf
4oZuiVvcNtSNk4rAwE1hc/M3zA2ZAxw3EpxWlMWfFfFDzIPW7yTtd9fsqwAzv+bd
q6WSa6oKU977zkWVwccpZsn4fBjY8qoIxpdRM0Ba7w6+ZrDHU7wZkyrw5hh2r8Yc
wuxkVRTlAyb1cZ4LqA9aVWvUDYSkvk/KLUQQ7Oa5q6vhJofO8qcHhnmeE6AkE5IL
ypOW1XxWZ3VvGLNFvyPBXFchqZNjVg7u7ve9+oHROvKEo+UjWjgbYZVeczNXvUkn
KeA9I/6PzrSuKylmdsblrxV0fu/uunB1sp3LCVZGBOoKvR5axuHiHXzzaHwZWS4u
9A43dYnDe9ofyQle1FR7HTq5jFAkYbDT6o70oqGMhDmiSpt3nAQq88MA9xhW/XxH
1IkXjTYPC3YDiXTy3oc9wmRWdeD6doyEezHtBcpf/MJPvKdCLRhBVFSTRAedQT3A
KHz8uDUQEk0b2yUo65YjCxhHaQl40aiSBqu5RNyxLDg/p27HpYQS0V/GTUckfKSz
zLP3dqJDwPLBh8QrhBaD5C7KBdIt6tft5Cd+Ad6hJjSCFQMSIJDKotwwm4bZjfom
14OQM+l6Lg8vnfBUEpFli7bNKsWk/wBNoyruT2XDUDiZn0RBEPZqezi3VohQI7X9
cM1sNSv56IfYTCTOQzLkOQ50diC88ln1BDBhZ3nrBIJTT9OpvmxXPcWofPwqOZbY
iqkh9qtmpNaXbqcJKIIyM6YHjG03drOjYKaylys66Q8djkM2Z/ATdesp/HhVlIVg
c9LlbS5jaeDxIr7/Ay4aTZc75PJsCIRgnrTclGb0REj1s7XAybckCHP70dBeABhK
Iei+JCP885AUnvUtCs66NbmrDLic7YTQMwiP5nY4rLkAQzzmViYGP+mYpC9iGTSA
KGfUouO8IiNsdvTalHRqYEajpasg13K9OnhHucv+cfizhMv0oM6bIyY7rjAfecsp
kssGpSLAa/SFyhTpG9y3gjl8/KE9UOkW1QF61jRGqR7mMO9KFYe67plWtRpyvJbh
CzB3iXUIlp9DSltnnzBjdey3uaWa0YmZGHP85+xo3Luz1QWD75wDMwxbF8J5+Pj0
9paFk6LhBRSv4EQn5uhoU5QY+7AJPknC3Bcs+c2n36HZ+q7dWpoIVZK7PC6z1V0n
7xAlY55IN12D4gYXCvVIQRqNaguwAk4anf6xKV0G6kMFegHdPRP0HrefXpUPovrA
fXETYUP2r1XgPzhGkmEXeMKJRrIpTkKscL2NFlizEiZjgZT7kI6dwntWI/Fm/C1l
/l/WsK3v0PYCo6v1iNHvbTqN+hlIxbazlzZuXmQCRHk/cTAO5jGTMZOx/dQR+U42
w41eCKyQeP4Q3l7MrjN2UjmRLgiGxoHEYjGfHbLWCLKVjnRJ2kbIUodH9o52xDhX
E4+l1AQrEb6KDC0UrH/9LLGx5/VQmFVqtcYAUHwfjIw90T2InLnGguqFD9pvkUSa
F9PDkQVDQI9MxugD3JSAU9LHQGDRywEZR3FvGw0Lwd/SwAT0OJRnYnYnCoo9xqtT
j/9YXRcuOUKh2FZjNjY4J4oIa6id9x8VjxuC+2oIBwRz0Pgp4NOcoHrlJtzkZrvy
uO6m5mQ5hqclztAzFfwtxI4h+j72BMxsnyiztJuqzrVZRq4efcWpfeM/oaIHnafz
3A2S01JklKopAwG+gMkjsDixzWEN8V3BFos9g7XoyVsqIXguh76ABML4S8kHB3UH
zCVUouMIA2Lj3UpeHmPHZrB3tI9AVTfnkK6B52FVTEl+cTCdql+Bu1IKYqjkgQK9
+TQtZlW8p4cOon+OA1KmMEihJSLO1J78eHdbYrttSFnPZT8n0sDZ4ITihi9ir+EI
ZoFGiN92IFLsa+bPWHL19nRdupfUpB7TY0bSRew3LS3UneLuTK5iGbI1AScgcBI/
IQUu01b5MKZR5/A7mc3ZB4V+h3S3BazqlWAYQ9TqwWhOqpvOtVxOmOHXfJ916xMV
BcjHqCyaUL6CWd2zwiL+eHnoTkNCuF64/H69Ws+7pgm5B4iCAGr32vaD9DPAkqHZ
W3D+m780aSjhPST8LLOXdI+zh43ZcLjoC6VAPqwxmRfZkPXMp2+4sXgwS9XB3NWx
47lNRlIiq/xUt5MNJqQ+qDSYq7l8IpkbVCx80AK1pxOG+yzfFSrOIWlOrkK8HE6/
eBqSMEDzmJLkEN0hdMlF97r722P4vw9i0sQ8stqVrIPw3nkoovt0FXfrrKm1SSSJ
tOF7vi6Qb7hY7JqaKeQCFSdo+n2EsD2QCV4xUBIPN2WpQmjA98ki6OBwXHky0stn
k+fyyW3ecl4ZLkhnzRrZawsyF8hYArtaPTClKbVzvxA2eksh4MBPz3Qqp6cwvDmP
CbgjChca2WgS8ZORhJNrCqEX9O5sWUOaIkGLJ2lYQPTmQaQmwaMPQ7qkGDlXa3Cy
YR7KPcv3eKACAyzLERJUus4cx10Hc3Y53GEZ7muUoFbGaeBGlAJLx+iAyn4siISm
fcngHYg925iIzArqpOuz5ELIzeTzAejydLOW45VFKnsMP09kSv5XMSJJCAJnW7Nm
ddnef0xjHUqB+jMc6J/omhkRHSst3W0NuJfRqCaXY026LZaloZA+ohQp5NgVYn01
741MZYE2hiNALqQ2EkVqz+Uur24g9RBBp6nVARV2mWZoSi2WM9rTHBSuhTGE1XY7
LDaKC7STSMsVKLjY5rTUco083v7p5dBzoca1ZDzUxN5PAOQOG8BOYENZrYKK6yoa
eSDobNiOT/7y790SvuNPapHCJMi1WS33DnbsWGMzZpl5RXIFe9cAKQMq8SRHjFVF
/qqpbPVYqmfbS5PB5f0Fd71EjD2glmuoPDv90IxzeX0vfKQW7lt2h/uUhbIf1NjK
RE+42/ENamZeVb07v31PGSf364CyM9x0XtoC+SCwu5D8sbau+oMlhU6J+6HTggX+
AOndofIvZdF+imzxg28H1QbuKVyOrLDi8No5JJ0AGs7nh7fOnNIhHT8twgMOAZV1
dxjpHJXwbTiGjJ0SWLUigkIIoPjVIGU2p9e3IeWhD3OkTrNYFfTt3VLATJcGexoa
NEV5zkHg1R0a+h2DWQnE9yq0Cj5qITqCGjgO5vJpyBBYVJ0cjwUERTXmgLo+BC/p
NFzE8VieKFD+xNAQnUYlMADu8SCo/IKxUa8A31pVpJRcHL9KZWtmYVJRRSsZn/Ma
DT/JZh1NH23Ui0RMMllPzlQn3iXJzw0lOeMOJ0pwzfb/UiVd+UAB6CZtygiLdNtW
jYkUDbqZda/PbMspxDARkON56ig4gVHdK8qJRQ9w5dxsdElaAhaJJCJRQOuRavZx
nVLyJa8BuzywzFgR+qDJGgnYmUXMi+N86GRG4DksycmSgvfqHZ6Fr2wMddVL/7vr
nHQ2v39T9l2VPZ7N394hm1JzfSurbHm9D8W7FVszv1qLUyxmv0FuhtYQOjS6vM0n
xGwxXd0Gs38wM75nuSa4H3MVQ+FgSIK8EuQjM9qX5E/sFVHWgO7QPDm3qwHG+1Il
y1pft8T+IXRS6V5nWr4i0skz2tiPgo8f8+TFZUyRxEQuaCCUvCjwJV1BSK8jW2gn
o8h7LeRb67AePfh9f97jbeuePr8TDxb6hzJtZy7P22WD4OoD0EuJa4A4mTHlPjDO
HjPCPB+6Ktd5TEn7BW6/H1ohgvyb7fc2wkyl0yV4Yok+A7cJMHWFcNqUw1/h4kRx
rsCAKrK88jx/yTyQL5fApZsWZYE0kKnqM+eLc08kArrbpv3L1tTHUYHPlbH65doC
OfkDp4drTDLKLChzbXTSVl9c3qI7IbQVg+OZMncTg9N8SIihqq0Gp9S8DAW6mFkL
D+m6ZpxMbFBVnMvTexGNSdh9Qy831l99Tk0szoKhMMy/yCmKlkRy0wd1fp0wEmjA
TJAXX3ogim0k2pTAY4/ff+fmho/bIJrL14wLFOzEV32Kf0GNGVquqdhPtFgeRQZ+
PCjppUo2zyAzotGBpcMPmuaZjMgBahomZKnemuDDA0pQ0bKvnMAK8Vmmlr0xXFFj
TsfYVe00LxDN3FP3H5FJnS+p4WSrnqWP1X9vRDL7QBHr0h6JucsFSc+Z6J/eNAKC
fICny368owIsdG2S1le7xFpJ4DNAvzb5C5vUFZHum24wc3jx6r08gY7iouwJei1h
QgjLYfJe4/L9rBFb77hWNu+4IP6xjhwVYy5DZS4KabKCsRu50zUhoC8X9DJbE+WE
K/6//s26hgD/ayLVuFG4CaiquEiiwxwHwTkgBI0p6jNB5p2X5x3pMZ7PkPNgoWUt
IwiQHoPD+k/6++nb3PT5GfQnVu0Q8Lewu5wrIlR/skAKJXt7aUoXR/TGA1qVa6rE
Bn9i+cQt2lMCUo+EBgr0TSsrcquJsXklzHbH21DVcDQSok4RiEhYD8KLLh04rJvY
n0YJpxxfQxfFPEB1wPIJI970cwomBeBaud/INd4jAd5wT8rSnR0qdbQ9UrickeaA
v49pvPGTOSv+iiVdMuT6OteFQ+Pv4McGJ6o+i866rZswZd37ZzYK0pY+/y9v4TXf
Zz0gf31lZVz6QzMIRWfvbp8cp4333U/CqOJIGy6XrtHcrXkBgqMZ561zDozChqhM
VMpGMLIhMdHrXXqyfdJP4g==
