U2FsdGVkX18/y2HEI9eIAM3iZFQaMeUo0oTKBLInucEdxl9zHXc11t2K0bvaAcnM
WIhnajzs5Y5Iw46Rctk45cDMB4hYJzhQCueArkkXvg3pp5CrZPN84xIujZKzcHo+
PNTgrAyZmafxEVC4eaED+GqpZS2/gP7tSE2mTgatCr+4qPxu7CFKmQoX36+1i/hs
Tms/MVUW96kCmDqkLjzG1VUOr2SQYJoz5/W9u8nj47Iba+CsIMLjRlDfrONo13wZ
abT2yzQFqOnPB3Ukldf0p1TDrUV1G+y1Xp6uupPZzaUp3e1stXvWd1MeRK9AIGR2
BlWcs4A7tHw6ueIgdQ9+fANzkAA2pUH0dLY40sNo3o6eQ3/WQfmScBA+ckV+2Y1G
KqaSIPXyiLWtv3bmTFQxHykQNZbTzlTigsg+h6gu/eLR1CbzKAl2GaFrYzcdjq3A
EVp37K81KaUYK1G2T03nmz361kum16mKmK1EUWky9RCE8Efvskc7IgSwti/FzlsY
kYN8onjmu4bVKcPpwvkYL773w+dV4ClYt4X2Yc4N5vCuEmTiIJgsTujUinVT9sCX
o0A76xXCWLgfeJYmqYx3pjE1xfYB6LFlgGzxRpDrCAUp/pYp/aZlzhUfW+z8tiE6
PKeDUO5twgnznzSg7ZAuGioZXhqj00a2yjZJFbAp/kWS31J20LXLURuhgI/uYIEb
DBnBQSLXLfMA+mEZvzaZEPDSJA/QYPufpGNELm3o7hW3UhkEeA9uEdo8QPR3Y60z
lIQDNJMP2eIflxSp4KuEuvEERsC/96Wlh/7qjuOs9SIsOwsc3LkEoTei9jWWPN01
AhWSSL075ny0ZeQ4MG2FhVgpY22OvNnnmXRbfr23x8SJEuTdprY/QtBhJvirct+e
iRq6FkrchKgjP0NgxcjXCVTZeWjepjWnUYY802Nu+IsgW5DeI5R3DE/zKgj5OMv7
AGkrcq2MJpIxinHHdCc4kc3axWd3WYcUDptXi7XCxAkkEA2EVHjPaJena8PJNl6H
UK0PHW2G7WB8021AbT/tnW3QQSLqvULfK6p1DuSeJUlpqxvNj2J33t/AIHBuGkg0
1rsKzdiYzNl8fHqbBmPHnHMRLFph9Etesrxj/RKNBlUfDCAyGUG6U4QMf/CG/+ZB
jQFuwgkw5ueA1RKdTCBLQEgxYqfzMsxXaMAgNCRGVLeLysOIkawOY4yjassIYJrq
FrfshI2UeOji+kMvh8riz3U00P4n7a4DQvGFWdv0LWQmRodtFKkZRBdbSyHW4Llk
HvwLwrNF/CjJ8vWiah3FKqjPHmCHEPmP3x94MZaNUd/ok5v2j3o/R5YwczXMtQd2
/NW2h11mwjF1xowxFInfhAkrV76wAHBIDYUuW4tJLgcVl2m3goAh5tGGzuQn4u2i
HBcYzsTRIr0ciF07RXSkTZnP07WaPpznWtIjlDabgX8Hafs7twBbqD1uFQBH0HKI
AlwHYKpr5nuOueuws+GSYeM6JVrPFJvpWHBxdga/R09oDoH6k338ylQSALaRowav
K3oT0VSIOE1xLTLiJ7gFRfWY5EGOTanIepMunjYy6D42F8+6MLB7osYoFkqJvSCy
/TOCk693A8Sm7y8/DGM99JnGQr8/bZi/sUMzfgHx5sTRToDGNIQM3HxZ+aPXRYzz
hy/jtvXINgt1/hL5SHZIRG4v0UY4cJzqVqv6xIVqoxOBN246d8gjKfUpT5gPDNdZ
rqwc41cKnRwkKGNtqsSJ0a/MnXFVqTFj7Shn89eTJYCBMtyAmbRX/WWJtdBZAeRw
Pxbu3PdgnW1nDmlzHfMuVRV1BWo/2siMlBbYGdpreQ9DAgnTbdYYcDfyi9ybbQGR
Xyf061IapuZ4KQCbGF88preKrIR6hSl6jt5AOGThvdM306oRGm8aWc+x0TW+e2K4
izXTBcaPEfaFgiXSjtVPrlWJKLJ8UJrpJ4hUr/xVnll6cvXAxcUMs3zL2AZD0yxL
brx5TNjYnTWjFqGt87wcnjqVlcRcEMGPRP7nOP5crqyq/XbBSZudigfWYXra4no2
KiLg8cQkZ+FGEqZ80bL+eNO5X5+OXAWaEJGHCHqz3A3UOQ8s7PwfcogmXkCV8VDf
R94AKd8TMGLx/QEkE8IBDPFemY2IjosWtldAgnvczIEr8cvLhvC8XUdNPkIiZ0MN
FmrI9giWjWrA8cY1uJhagaMBtGzroqw24PqruWE1MRLpYCQJJNkAaY8dFIB8XaDe
/v2KtuS3QdaDh/DhPlwF/iZrPWgfBTl3USbFkkpbSoThoh5tQQ20oIB7w59fAcuM
gXFF3QdfPxz2bJc4hs4pxu9++U/knkTlkrjcRKH1btxYsRoGJZg1suBcTH7Uzx3Y
HC613QzWhqjG9GZA7jZq3txtfSDlp37nHKE/8OdLHnPui9flM4IEDm65+/QLDwPW
i2/2j/fNssquX2t4h8SwRuFhcq5pJb/vSkeWxMB15U9s3wkpNErUeATyNXWOOD0O
WHaTH00w5GhxrGT6l+7yfSAdEMWWdsYc6ocVSojwRbj2qem0+uon96OpAlIz4VZK
FlCekWwGD6r2GCGrQfXd2mtC6Mr76OH2cyo2IDs5qyycCVD0QIC0voP8YXb0+ZKb
nuO7fr9F2HE30qTAEnNysY9h7sj2AXCTwP+n2V4OELw0qGJubAo6KPNLrXevOpjh
zgdvezgfbcJ5X4flTy4fT1qgKbGs26d56yZ1atOopybEempDiEnd1fF2fF3Zzfgq
3ljBhWsErotWy0NGfQw7ny7vpqAvHZKvkmvFBhiaBdxKDY+wgdaTg18m/ihWfmbo
jpED65uAhO0j5hQEXZNq5RTXc1Pm4RmX0Y5znD3bWUgGcfb1FxDbsOiOeO7SdO3i
/w0E+u3D/wsfRDLPJHlqSS2S/KNDDKFjn05RQgEbFOZhA2ra+XEebL3U2+JPkZDk
fcTus5TFtJU8Hc+x92UwaMnMIGeKVYEK5pwqHNgn1p1qk+OAEI8LIKcEYsA3HRtM
S/rkJ2Kqm6GLgdlx1G1awh0btgianxoYXL9Uf7fD9rGbdzBkDGuen6BS0VN3UgHO
tnmT83z/1J06RIoGjLkTytnwz/xQqiRs8za//sMNsbbnsBJLVVTkVeSeNZio9fa8
9Akm1+Dd49WXb2hOYl5CM1k6ZkqkvQRvRAl167kAxtZVu5k0bliZxyONB3E4UDd5
XegatVtgWikbACBQc/HcCYRz+0JEFuqEBT+f7tvgPvyb9N1gcXoQb/yvLernCmJr
NFQrhCglXltKJwX8NUFrh5mH2687qyOjv/n2MfuPn+hRSz3vbtPy+ppL4P7/eu5y
5vkAZJrSiEnyAjYNH7gmEd3Tmc17RLzU/5zwWqITv1WMLLeOy03rNOBODmtRSHzN
DlKMILkzwy5lu+RdHU/pigRDoPQ0UpKiWGPA/x/gsUWcF/WH4RzJqndwr1Q7Zvrt
kf/IOfpTe240S3PDWMvXiQR7TTsogAoK+gId9rYYcEy/fdKTesHr5Twp27mL60yq
AMMSztczXSFW95JpbhKaNc0EkCCJnJ4L2a9FeuhYFbzAW3aMnCX3rtm9p6Lg1xRy
C1iauA1XZQ9K8LGMEQlR/zYlf52XisD+5lXE8+RhbRkgIV4XnkKrCQd/7h+ASZwK
Q686FcJWzdVyo/UXHRdAv9qRruPL+KHhNWxA7PE1v/fqDo+uiFGOxqmQ0qEMcse7
kD7fBKuhkgeRBPTMo+k+BQ2dRmphejs9bTm7iTbq01P5QfTAVWM5ilgvCE9xa396
k/w4CMrRnOM2m9jXQ3okHqrgk20fsEveZaMoMJYE2t1issf65qkPJSB3Pe2Vd5Y/
suHbgu+Z1SMjbAqKIxafHnCEvS9isJyVkPDbmXw5TV5h7Xi/QHz8T45zDHoFAQuJ
71ZfGhoKUL7AwRRm573H4C1QDLPU0GvIM3kk52bzkmrfzV76Z8tR1xB/j38XMaNB
gRlbfe33OBLfIIod1meFtdkOJbP0J0tYkHbri4gwoEd7gaDYokcSgwLxTb2J5g2n
SWI2pOu/TecGq7/mHrY6kXlrrQg7N2pLZyZNgPUEiLF5UE3EEQ7T5y7WejEsC9i7
RzBbjQSIv5VVZ9wJguh7iVto8FH3IPhqt08Fx02lG00Wk2fhhzfu0PI9L08+C8DT
N3+/E5wDJQrP6I0vEf+XvkCO8z20XgNq/FRSmGUqMZR6Odqu3vQ/Gh/kd15wyCFj
TK22Rw5XVjMkX3b9zJfGADxb3di2CVU7uTJhBDriB0glVzQ/zCXhWcQ8n+wVQUB7
ItvZ+abAZsRm/gSFQHBTuOp3CI9vKTbyPkG2BQOQJcr8nK7Ke+fB5q4gPClJCjDD
Q86lDv0HsfsJjjEYYL3GqD2BmQpCqvoFft/pLmwsoF67sghI4vqGhx4W5gf1wyzw
gGtaxgew/cYZ1ER6zHAjNrqwZFsv3dqyzjh5NaB6z1T7xzP6F6A3El/Tr+7BOjsr
E4//zqc7bBI6oX7JvzJ8JA==
