U2FsdGVkX1/6vkUKY8ZLEIQU0oYwRUV5Xgv4teTyCgqj/1ni5g1RjXy5lGo9Bx96
7pmXGyqFxxF+6i5U1UkTLr17tM0eT9lektadY0aX4PKufpwU/8/uq69teuE9ctqB
Fe16ywMXFTcq4YR4en7hykRuYE8lFmazVsY/NcPMsOVgaIBd63eOY2qcJtKXrNpt
hkcxG3wTosCcDvKKl3Nb6racbPzgrKLZQcOhAnySNVukhKyE+YSgHf25BTOHjvR1
6nSE14kyGhk5qNs4tbSpOthrE9aCOEP/MnEQTmwWfMeXWO07yoWHDY/iaGzh1qYf
UTKj94Dnj/X52lx/jg0rbrlQD114QAY6mj9A1ryI+PWp/wzjQcAFg0TzZNOoURot
snEaFMRIrvATwkrobYN6v3qywa5W7rPsc7UYt9c74BI7IJ5X9lsj6RY+GjWMGiYi
a1hX400ahxy9VTuhEedtCZNwwOT1YyY4Dtke3d6oxyB5jKL5t1qx/f1qEkM1gCt/
+kcZ5F1hL0Clrr6W5/06T+cQZkPAus4zMEyyNEv1mE/deZx0Uu6AqMvBuEGNAEd8
hXHyrROpSXsd1AF2TJewbkqvlk8uk1x/LLy4uhoArIeDJGEohd5BH/4Tg2uFfsy4
LmQpZOJL2nR3FXHIYfwMsYMGd2vvK9BBjVLKru8VaZQPVnFKoODVlm+sc29daNlI
JMdYs8eVC+sUOibkWDEkZFtBmL34cNFbZciwzySQ7jp5/4huIk+TsYzR4LpIkwd0
df8Xvi1zuKlTG2UgxLSNpymSI/C+XvQ22qlOfHe1cuHi2pYt0VovJomZubw/FBCn
LXr6qfCrBcZNrht0hLb6Sytokhttw88KW/Pv/lUMLTiU9c8TI2TaIGy6WmcS7MKf
BAEmrcnXJXM2ujEAVjgG0hqzp82uVJnaWq/lwv77esq2SBoZhf1jqF+wQHEqDDF8
FJ7imJTLr4HUIdODl9op6g+ILUfqYgP/WF/0SyXhqOV4jvMe0xH8fqni5ZTY/prw
gv4pkbUwFOvBYzdvQb7y6VF09iVYg8Avnr5hC/K5xixwnmo4SbAy8mOsBLkf6PEX
aApDLNSr+2atdXlldkle39ZuRvcS4lzZpf2YkTJlu1lO47jc8t5/Lyh3JEWtCZlR
quF9iEyQhUpIRpIg8UtdkJkOqyFmDRqTzhtWXynIN3RGwuuvsy2HTtEUfSEdTFGu
LqwePqhyuTrD5B9RUBh25Q9D3mNHOLhbrI2K5fSQvNqOu2+lpN1s59456UWV7zUa
z/bcsFCq+DObEs5s90JQoB9x0euZzb8w9DdVGDw7TxOdzNvtn5lHgNt7chF4AdP5
x3dlwHLQqYp3vCg37amIX7eZEFkOe2T57/wlU+M3Pq1Yi6p3QUFs/Olg+jib25XR
vtOq7h3CURjhS0oDOG6pmdYj9olFvO3Gx28ncKZVGOYaLoGEVhSFP6Y5S3mUlujn
49LBF9O03yuqqHV8FztCYzJifeirmqXb4HG768va3ucTddaRB2X5LRjeWaxsCrH9
rD3PUTNOy0TScMCICp/RPlOACceDXpUHN+ux5HuF/m1/Xw/TtqR9Oh8+oJbuvsGO
wlfbjMgyMGSOYalUuVUdIVKlnKPy+7GZ+VQaQXgqKUaGt0+qDkGJ84np1OkVNZHI
i7HU4fZWslSmJbXFglCE3Fy4UaAUJJBmiRHRGzsJJsDz7TZsaze1bI3U8Uky7ao/
ZGzww52t5dqpQKkeMz8JtxxfypesZQUGLB7xBP08T0kjV3BiE4l1VlmBbkFdHvlF
NSk3suC5Se+fNDbFoLrdIGIvn2RTVmAwTM55KqY9sldq+gSvkkW5y5wCbTuhMV8C
PQC7uNMpkDs/iBNWwXzYk79V6hBtNtS92QfpS6RtC8821X2WzlVJhCEuOpPh/IVj
WmXp9OT5i+FJArHJkxU4iyPQaZiKlqLh1GFwIWteThgDmZFVGHn0XcttLA6SrT1e
+Xj7G5naCbAdVhrpmD12tz+DOwOy27hHr5zD91uYBgyce/l6kSA9eu9ImKfutfJ4
AUY2wWnzumuuxn3g7zyXnJ/AYWrVQb3k4mtxoxT0JW0XuATExVNPUPFfKCiQEgdu
+svSME1g+FovAqyMs7Ab3hXB4EM5w6ZhEj10CJO0kGkyW89GLWWh3/PK7quQ+O1l
58HQWTT7NKiF0iRwRCEPaJi/nqeQMJr8VqX+1I+dY92FVY/y7Gk1l3EnylRGDp76
7v1BAEY4c14ZOVMyT8MEvdx5E0ezlGf5ZU1yw4puj0UrLRQm/c902nB6adspCAdw
pnipF6wzxSVqgWkFMgf9uBCJdGSU6uuVIg+QEFE5wUdx644U/cgAhpfG1E0cE6wi
8ppSCHx1y2RfnY65ww9L0lfHlIZbjATO3hZ/2Cq7kYCdB2rKkRzc7Fg95QkBJVWt
t/8zxHCtDuBrXR+Go9ztGzn/IiWdsZ6KNmUQ2cpzYDKSSpKVUg6B9jQfZqvlTxTF
8o2XNuhbMXytvnvtBxMHh/1BV+Yu43tr9dLqB1+CR6z0QK9W1Tn+gf4CrF4Uh8KD
ed+hc5MRykMkmWIPBWFUDn0TSAm7e921Hb4JBRWHAbHIcJjUPm9B675PxdingJIt
vxxpLbO2NGIyRytHPufW7b7R6wYB+WGeJ6Q3SgxBBC1dngWHF7aYmXvgm9AEYrAo
ZvbMtgmWNgeZOcqbhNrA6CzU532JNR3u3tBzZHkASQ8vRqGD09q2HE4dskjVMgYn
fyEXvhLFCHmxE/BOdJKHSD6bgB0FPHd4IVcF13tdI0UWJr1qnea9dG5r/RCA84YT
r5R75DEGy7YeGkz3v4qWVY7x6eclGAiYjzPpqNHkpN97ArHYT6S6zlE4wOreSoQM
JQhOjz7q0+alziJ2x2LDLoNf5a2rFqARq0K4et6X4qs052mBV4YnN1NqWoQl3ccJ
TEJa6j3HlEEE622gvEYpCL2eNQsoum28RDs5GBgPSYeeUk2/eWhrt9XB2k3U+zxw
YOq48QiO6dwe8MEZVYWW4I2bEX2YvGEdZRrnz0MEBiuB73VOYfDHSOsPoVQtisda
cX661Td+9GdEPfIFCw6WB+3OR/XSZsYmdMRPBwk8ATR4SNQETS5V7EOBGNTo9QQU
sXF2jdCMLn20dE2hEiyOLNpggfEkoyh/0WvKmVlGWpuTlCKrLEtV/TaBSiERDzVU
+l8FYNmMlWJAEccrtlSU/jGFWHUILNLAATbtrcxdPdrbbtMstjXtLW60yv59AWNs
4iWBJyipPxRuiCnCziMIZVRnOtlDPvT+7QqfnntH14sq5jH+y7mSIJpgu2qUgX3z
yv6NfQtcixOQ0l8GDiFgYmxYB8pooz6oyT6w2QnQU5GkMxd2MhzUb5hX4MQgGRBG
9l0pKPH+VmjEmV2bpgMizvtcjGy4nYebi/oDo7fLt427tab9TANPf7ZczXcjZVUw
5khLhTpz3d1HoHYfbcK16cIbTBovl/aqjMHtMdhjXLqAMHBEeM+10UmdnNYCY/7r
T4IeFP63QAq7kknjYPN5fAHwK9p3roLTrXpP4hsLeYZUs8DUXTqg2OrM7kevjkqp
ulNusKe+7hjZqe3P86CxVbI/5n133G+m182jyAf2efF3k//ZGtU0DjQVZZIPeirk
iCQdMpKThSVeO82J0WC6/VFLzF3tnr+yM3WUs74Ztw8hG0nr7mlMUms34IeXnuLm
bL+u2h7bEufXHOulA0fMYfScjXX6anry0NRk+xBHaNdghUFYhuXexOJ6wTWKgB4p
mb8iddoL1dkgrdykxQWbAh/OTpmcRi/6LHae1tfQuDq4fycpar9zpmCzUgvokwfr
b5WpfzZVoP0hztFNWCb/GgplN6JxSkZWZ07jMHZN518wPBJJUqMIrnMUEKSQDyEa
Tq6LcpYUGUf9xRnzjq2mKwvr+dJ2vrXAMVw9xNTMI8ZvH7wie2hOuLz1+k22v3jm
YTgnuZa24SeP0JqgHUHYonBDOJBtlY2vYlhZVRhYBkc6GzPsmqodU2R2+Fiqj6mv
we1Ys1n90xGZULz9Rhxx9nqheiUVPO7D5Bk9+UQayiK5HcKdtJcn7lQtgoM7xnQ7
cbGuKKzvKyhpBXLMgcFmmnacBWVVGjGVrWfzHZM3EaZaPxdh7YE721VW5bf5XebY
yvuS9Re5lcyR7L6EGnbyR68koKw+UansqcncffX146kDI/lIzo0NEUveAJO5vcNm
DliAa7zV4Yznsx7O1quuijUlgaiA2v/6f4diICs4asJ9E/Ne3l3uI9etZ9wmPOAh
t/qIup4jAwH2aAyr94OSIDwoA3Ddb7tZL0JxwVAXLXI05Zb6DpsPPhxo3dn0vn5u
RLlmRmP2BavxOa0s/GOsTuZeuhusC3SKSBHkK1kuqiB5zhpMUYZj5cAIWpJF9/xa
RP4/fYz+CmU5G+jk82uQmQ==
