U2FsdGVkX1/vJ/5GvyhdkBX8NzUGuNpYJQDzqAwpRbXdPuSpqPRyuO7K73IVbTaZ
TbWU2CmV5AZkmmNYlYpGAOzt7O8o16NJIWYs0sDCpMZMrEMM1YIKSL7BDkDRmVjh
nZEDOhBg2Ys46EQ3Lpipr+syj0uoH5IewCKfKfdFCASEy328rTQsz8DSYdC+UzKk
1ijtM0BE0Q+ARmpSv4HSLvRm71S2mRny4n0FkJO4v8EvLdNb1eVyZ24u1xWIn48l
IZ/Dhq3l4QDsnQYuW3s1S/l42D4VbspzQ1EROLqUiJCs73tX2pk5trOrZMcba7Z0
XSQX01D02gPynbUNCotYkAqNnTwIs4UhxX1wGz/hRggJHzavzkYAyM/4kKI392Z2
Ix5LH7GVmYBv3RZcX0imElcJMcTP9Fjki196cdHxnT/PnttQQVt/4CljpYJGroEQ
9tTNMVw6M+PyrW07BNLYpmQMybjken1BaTYLI62RQnQ3tSbm2f7qav4L4+uy8yd2
7/n42CCukFLUqiLGH3e51Z+WKNT5fdgEvPYxtSgx/ifQ9+GNJ0wIZ6cVpkUsmWOO
rJrWZlCBM+9GTYcS/5lFd6PBFlqpQuIhG8Ko4mErmU1hlSMF1I4RQuEs0x5ukkCO
Hl5u8jsUofK16oE6H1TJn6p/1YCcHhRfqRSmMFh9AKsYG2aw2ocZPJV6HN3CUl16
lJQh5rfSszBz8ISCPxUuO/v9P87drXhafx45DN/ObA+OH/PLALn7NMKJLl1xq5vL
1zq0tUFYudu9gz5nK80Z6txSR22+srf/cDRti7q8RZ8iOcs2gUL9kZc/pP3Uv6rD
pEEvgr6Pw+U6PUfknuasqmq57ObLbF6I4uHV9o9jCh9AcEhMsRZYeRnVtml/Sv5t
TDc1e0OqTBQ/SB4sRhFHLlbAz6iN5fwrVle7Hzbi2UuGANNVx4jjq6y3hmiOUgHK
rc0+p8fMpE1noH4YkLZfEyQGp3dj008I5OoyTzXICFPQWQ+y03gnP2GDz4v4Xgnz
H8s2pdR7IDSfPmzS0GI74hZSy6QpvhgALC7uuFIEJABrJaLTbD4ykFZL8r6r8tSG
mV1UK8L7wPgFxVc2pDBOGBG5nWJogmkYWWfqtVrsviX36xif3vskCHpboNsPk/QO
c2gd2xaTxFjpEL4qgXAohPtrVUm89Yhask5D2D7n4jrAcA15gAIn3HxzNBEsAdVY
RYcswnSzwRHcCjXdLZ6dMQ/sq27aDywVB9G7sWlxSMqjOTo8dCk1l1878yMiw4Hw
441rqusqJ06w8ClyX5K9swJTodCMGKAjm+qoi2mdyE7O/JvMoR/Q9ptEjCsahyeC
jWZNt9KR0YWUt52R2K22uUqfT7OTXSkBH3vpRo5Thlaj3oet7WlJtPKokI5hvr9E
4tPcfG8NITxSnsMarR9Mw7SYy5EM8q/VaaSkYLvZWfNjVUkGU0oZf4dRxnFKi9tI
oXOUYjh9XaRgC0us5FlmcoCCbZblXexwLced/ptsqru7CX9L39VVqPSPrOfsPRKl
qfqvUipZtAc7OzQkiwBvyFNkuxbFS7bLd2oJDahMAirXDgpch55F2yKXa/uqF9i0
/TNnMivXSoaPlfDKxCu8rjNsG9xXR05XgLBklztmziREPFLuwKcFAphKvU85O80u
HSPT4HH56SwTGGN0bca5DWKUFa3RVl2mUqrqBYkPCxI+p2FGPvYPOlNcJaj71VY2
1RngaV3Fls1cmrzsBbXkPVvOpdJXWRp2vZp09zbv9pBkd8zAROGfqlyOARPWB1qM
WoTLnfBnTr1r1ZZI5QMVYXuPITMJvJj4amz2GFzOjYZk4h/XXPnd5FPCfS/mD3Vh
ly68xi/GsuAMQ18TvyqbESNeD2Ybqmatl3L2GphK/f2AiXxzfB0kaOIMJr8HkuGg
/pkF4ZNtLVHwFGJKlyT5O4tf37g5w2unoH/myQ5aB/JpOAEAaghVgNbPMM9GR0nD
WMduHxeOavWauZITF31NEbIL0FexwsBuaOvyYRoT7moENqetZ0TQvRjexGSqbsv6
Q45BsGsCNEQvfHtAr3vleU19a8xT5DfgFX14qTITyiNMal2ZA4k50b+9rXqIOokm
EOQ9dknQ4EOqfAvoUkILxyj/q1BtxGcSDrVst9lOUS1NAQH1RCz9doi2oEPTKqUf
MR94v3T75inUA8u+vtNoGkY1TmPQjaw6GCwfjYBwu3osfQn9ThpYIzpPPLz239a2
Sr2oQ5CJtI8VfC4VPlkvYpi7211L1XVtEQg6g43cNMC7y+wBeRoTk4Qg5LEHzNdc
7NyjAsTusAg0CLwfAvHskANbErHZ8Uufz21Mwd6tRiwv5QWGUS6yt+sSlQijpd8X
HuNCfJ1UunOx1suPxrFEKACkc6y5ptz43Zg+DoB5N0QSQTB5Kc6VEcLoiLOJVifk
MtDQV8+pijjDRhobfgTn1e0REe0xx7ua4mQat+q/GTin7VNeWAtQ6aHHgDodE7oK
QHpP4sli3X/rfFJXmXX7RJTqOG6yyp4miOG1Vg5xPFfgezqgib9AdrPzrU35cX7O
2l7hjjPoyHYucKGDxRVBgmxUlswdpIX2AXYLc9QFgAhOQ1nEi2tpsUgSJVgpOrjU
KxXofVy76X3NkaLlBBARjFTV3xOvIsSRP7F9lztsCsmTD3vtiCcIP6zZmDSmTL2E
9bQVF/cQO+I/58t8ewk+IZPm8LdY4jGFNQpre6SSv1BaXwcnaqv7iQ/dWETZ4sY4
CooUwbLqUB3JWj0gm6TwPbSMsuY6Fyhuh6YdXRXmDNdhFqmzTNqSJZuEYKvdlLsM
jiyuUayLLWsiTJSB/Lo3p32c86M4Mw9aUFbDfWzvt3OkrsfQdM1Bu+vbpv6E2Yef
IDQxOEtABYB3rgsp62HOC4XKHP3QrsWyw+lveySnROc0fyR2Z4c8od7uhpCMaabE
gboN0smEvZNJwd7Q5v57vHGuSFmqdXk0R9yRxrIy8fpZ0Noth2DLtoKi7pgRhu6I
0oeiqMOrsuSo9YuaiAaCVAgSftoMG4KACk40IPMOcIhDsVJJiDEN8mAYa86mlB76
4yghvs1z10SpAFgpI+/sB4P35+ID9cqfnV0B5WgRmjY0L24qFy7x8vksvfpTRSIO
Dh2k5gP/ndO/YxVbrUQ541aMU21Uh/PDUghffjoxZwnayR9ITL724j1ewRhhotUu
+tQRwN5nyL6QaSnGvtPCCQYy1C55jbu3AUS6JDE6tTqPz1KPuBesBQZs431fNS9K
PtZevsBogNaMCgpXlYIOFxuPePT7zXS7kNFeKhiuNO2c1uea4VDlbif00zzLlKNw
+hyNeIvY4POcg92SRcmSJPWs/8JBRPcErYZcGMJiXdNZHc8XO80xyRarM/T5wNEP
BjIk+XvRL6L76Ph9zHozwY6NaPyKlV+MdtmGIRQTrTHxegWCwlN1z9S5iqZNOB9m
Bbxodt1/SFKSMbZhC0UJrdiw5rarcaXPZM8g3i9fS3J9WLB1DwQYevbMnsBaJDcE
Jj3SlXK5hwpXwkn9ZD3VVWji48raXy856QqkEvV1nHYF4ld9jydqFSJ1Q9Zzied/
qnNkQh619sy+ZYo+kkW9qyqJIXiTEcnBNCA6PDP7xF6EgujXtaSZ+O0w1WfEyUTg
tHY/Uyx39DGLBdKa1gBwDmix5PgfaN/PWo+s95WAcSGWh3yBqROnr2gZNUNuvFrM
yXjU1WmYAL7z+eSvROpJoWShV3tlrF6UmJfoMG5RG7ut1BdNBCb5rmyEh+gl8ZXI
bWja4iy25kaDN6gtCMSLcSvy4zOL3f/prM7C+GBduwP52my0xGTHWz2smEoa0XTX
732hA8y6zSgMkRPdKecksiobRASqRIDcacmpzjVvObo6ksUphtSQuSw6yE/tSCWk
7YFtc3Pd0cvoID2IWUKWxkIsLvI4r+fDUqkfrxaWwsUBzWXsJxV+psD1ZRTHa8tH
EoIFiFatUvxEjS+sH2ywEWMZGXkExWX64qLAnVMZt8tmmNohziaAmvST+jlhU+RE
4K7Ey1lCAVJMNgX2HJt3MW/Na0dvmMMb0gUEIh9i6Yql8pSyIY2pTryaLM6fSOMR
uENZVcmYJs88Av64hQycIdWaL1rnaEFYSuUZY6nSn27Wfv7ADlCVuEwtxBh4qfAm
Icobe957VhVr1JvjfqOaUjcbx8IG6tj3CphD8fxvpcnbC4Fs+wiF4Dd7RgUa5wdb
NnvuuIF3Nlw+a3vSW4npkYK7nGjIM8WM4D4jaGFZj1LEOcX3H8OSmlbCIPI0WJQA
N9Llx8PNA3Tga9oLsTjy4SDqhxHcTTUhrQQ8XINC3SotTShw7shzvhPX3eW63CDM
j45OHuKYeMcEPOQe521u2fashXCg2MsROqeA+huCe5IIhZeRWsq+2P/UZhRzJfwV
3KeMZZjqu3z3licWrx+74SXR9ibTGI3THs2qOSIcWvTaz0sJBebW5CxGyc7v3LYJ
AFOTHzqFQunJCg4PYv9181q7BXFEIA4uNATz53NQzMSlAhSzpwUKr7GN3Ya/Bz8+
7lF8Jxa1Hm0X/kV++uOEMH/zuXER1apS2ipz74lBswOI8B+/yddKxNGqWCcC13xY
GYAgaYAvORKl5lQzVNsL4T48I6xptCpxTHB1SNEqH3V1Bd38U3Gr1UMI80v0n23J
giPfF7AB9upS9mMy3FBB8cwA+dUWZm08bwG9LMHXsI7Zl6dbmZPpZg3+lBZMsSq4
fhXrT+lirLDXQoKh9REjEE2SMHmHoBg3AFpadlMT2EOYF8Bul/MyL+Qwve1qg70X
DlOrNDAtE6qX7QPzkCF3NJ3/y0GYEVu1mGDhwOgzujM1Y+Y0LX7R8f2z1zmkhzFb
h5NKuFrmkQoOk/A8woT+p2jediS2fTA+TSNY1rCqqvfXaUK41yAcpQQ5xO9Rl3yy
g+Te7MMpwK7mMEANGNwZUUbnWWEu2o/lGPaRb3MPiFC0bpJhk8+qy5GAV46B/ny4
JmLW8vZZIi3OP6NGoUZg5+7EZ9aesKLW4J9uKQ32PjxgBivR9HuFAnvtdbrFsdUD
DlMgJZCwAZ+VONugj78KVTlPIjVMHZ8727qm3sTX6Z5my+AHPPO6rbzodSFUJfWM
yL4Ug0PtQNBv12VXsXU2/OZmTi4OHKvAI1Bc5uNrifiAi0WJG+lixIFaRy5/kdEo
JPygeaOfnbuWpiuGuUBckpu1gohu26zpbkY8IV0GGom1y9hWYRJpq96fhG69TxGp
qI3+c58CCk+oMJmMiD0SGt0lGc/z3JfRn4ZtjVpt7IXhxSK16rligLtfSOPpTEto
w4ATxFIVo39fh3wkRq+GaqGuDXOyy5dk8u4LutAYnmqYcxuztN7t5GCYJf109X/M
pRwjp7DKN9CTj62UH6noVQKsE6MlCFxoOzi0Zy3YMxOGNdr2vemPpJ8tw+LRz8tY
koSwASejYS4ynuNEgblxdIZFeoEaEZPUBu0a9Y3pC359t6NCCxdbJolKKB1pXc9I
PvJvuGMP1duziBkRHDoxcsl5Wti6sswVO82Iya9eoVO0+RpbzFPBXBZUCRBsoZDs
7cC0QLtTd6KdvZkG1+0L4e8OxMdg15rNZfzlhUzWD388oOHKUmsupYYlF4P17RDN
tMWcRLrEm3ItaLewRjbadaA0+9r/A9OYPR+7JKgzbPWh2o9joCJXdVuCmqCYuwHE
UC0M0YMLkYEkadFfVTpgwoPCUhdxGa020Y5wxCPSC7wUqGQ5XOHHWv02dcXtYKKZ
c3nTcCwc4oTN54Q0JbtcTSgf78fqxf4iq3aXIPNv2WdOttIvauyTvdWxUKbSF+Ts
LEN84wVTFu6q01ivtC4to3vNuaC67YgmjDCMNm2prSxvbU3weOndJUUCTHbnzF1z
JWO7mae0yDmWT7BbfpzNNEy4IYik0p0/NhObFihf40A2GKXnnPJHkSuB49xerGgH
/sabFmJFqs2BhC/EwfsFAn4mdVPGhzEGIb4Dj37MiPsTRZawXi6UMtj+L4daZoEn
WUOE50oZC1Q7T5q+dHsT7Im5dc7M4eleUOhWe8oV8/Sl6kqw8fX00ILONzRovDk6
UasHtXKCn3OBDOy/IdEijKeNn5asfK9ERBTnpsT6ytJFbl+b4FObh8fLN96BIriM
AlqzUIxP14pIWfYlbFIsTK8wylK07yqHiTFEzaFhtdVstOLbXmif0rcn8BOKETrT
6/+hRUYH/ZyA89vGHrW0NNFrSHYswVU5M2lUsZ4PdjLXLLXp9nM09ps81HDPBkiK
XsyGQ6QXKAs79t2IKwLiG8cI20RYmyE6gV81aZ9Ir5mAtwGqdpaa6NNdVg+Gw8bF
lCTNNoVYwQUzwkQbNPoyU5QwRGvGyjYQTfg1xXmsHB/NzboRZ/QindLbOdyEPeMd
2DaQyHfVhJtk1KPoVKbCHgnbSJDdZcdD1iTi/uou2xxOum0Kr7eNXgqswxN6dXLH
ClMkCUd43kQJHNNip1Sme8JDjf+4aF3rvv38AmHWGDc0z0wyKTQlaCVfD2koRszy
hSrow1F7qt9Jg0BChjFAgpg0j4BuuftacLc0YqiWgheV33srV3ptC2Rxi1Xgp9os
GvMWx9zNxRYUMHeyXLJLYgC/TIaNIf96x6M2C0hqdZxUbJaFMGcB7zU7ZpvsqlQw
tOj1sao//gq2HF9A2oSogZAwsvDT8qB5OINzOwqwKNprD8dSgUHV0Fwj1N/VcXNR
8EPLtFMygico/BGTSDhoEGLxoPgAHwEH/GY8hH77AxtZS8AOoyJFOz4eav+siZBm
7Dl518b5By9cTn/kCsu/xQbnjh819c66FcI/kkhlfa9WzTBbSUclaCltagmsiWI7
EV+x4Bu7ghUZB/kXFi7phFta8Jt09plmiuRwjkHnpRhsAEBp1sujrwTBrKu9V8Bq
8xyc3DyVeuYoUgAKVbf8/ZSxcfn/LFD4n7UrzSESNNorkjsLEGP6Megc0pLT7wGw
HmImny+qzw7Ga0rpbb+j6gslRcJxUXMB3o5gL7HNQF4I9HsnWH7OL1FRREqClh4G
9+56uHD4/yopge3UYjXGzDZRX2VvtjPazl+hLl+nnMqYUGRviHs+B8X93YtyR6YO
X8IOofPOKW0Y4B6d72GaRRf2PiLKnAREhSUbOBRdc8OXtkmBUoOi2PWdkzwCnzlK
EsVMPYx1of4fMRev/DpBnO/tKRxQ3rnzjjTShst89Eh45BRrXPjWuKdNO6+tYCPG
35P3kRY0qu+/pyi+EClj6isImFSB6u4vJ+mntEPSloOS+oC1HAp1ePj0pK1A0MKF
7fDt5sMsnRcSRvO+mJzcZz6paX9YCxazuP95LCRYk++NUd5rNuAbl1vj64LJqFJT
uSnXSCNKPYKsxDRpxYFZV0mgh8aZdG2px1d1gUm49XmX2urkt2TfzPVlc3kzghbo
d/H9MfS1S2HWHTYHRtNGub7+lzy3YDswNulbOBiTxD5r1FBjdKXmfddf58sc3U8/
lVAj4J/1+SNmhDK92Y2Lrt9FC6yva4JtwwKkxPPHQ7TqIG+xZAM6PV4cJWhrOa5x
MAOWD8bjwOONWbJGdlpjBLd7VjrHUlA8LzDkWfVXHSmUzxe5XfJBRxxwPKTXrmmB
9xkkmtb385uGVVovCR7r7TVUwEcDcv5txMkUDzYcSFBy8ok6sVw+SH9wqQ/XGwnq
CVAd63gkZgdS1yqYvyrneo9ZZS/XqkhHvA04Tr9fZ3U18pk/BL/hJY8bCGq6XTu1
oagt6YGNEMroIkHSpVDfG8QThbCcTV2aOKj4/P/AKspoSOS6J7FZQlxvSxa67Oo0
NPuuQVzAu8K9AbuO4LkzIpUcGDuuznK6FYJAzMxoqOXvqI+PYAqhLkfAzoQ3UyWo
WS6E5zp7ygjd+DQd1spA/2PYfoXbYtOsW3y/U7RmeClPLFhufMmZ7OHAYfkHc9BK
24fJElkSTLS/HXTnHKGixOhGIZL/Ke/iM7gJ6zKmbaC/bK5PSG7+hG+mRnUT9NLF
leX4zqkxIYCTcKRRTH3jBV06xY3U3ik1GLYpElCcGWHWEFUXc7IemW0lLAW3El/T
FLiYiqHeyTYBeY+AHK8KslQkdTYQ/WArJVp27c9uOzMDicjY510bbWYgkg4E8Ckg
QdDS2RFAy9CHNjCCGH7wgFRtcywZs/f/kD0vxbpoMyk2PMWqAuze6pi36NJqLC4m
su4dskwHydN/lMZYJFVOgs79GCElhpmJ5D4zqeeU3z2prQOKkXThp0w1SRvqlQ5a
azu1rDnbrZG8hJF7eGzHVJJQzGtFe/m5Ej26AT66Zk++hNf9XwNDxZiEp5pN/Jp3
S2vu41z6wfgEvFLSWqHzlawVoLNq8e9dGxy5eUzdJ+UpjMwwccIG/0tbWJKzi7Nl
e/LJ76nyu0mEsYRFSIMbtuYBXFqTEEsCwqcHutdBb8m4Syw8fYey5KDvh8FXF8lU
evR5AZKlrlRy3NdYTmXJ85v0Snw/zbaGI6D+9v0M8WF6gxa2AHDThPtBsi0LPKci
271m1ckc36zJ73i8GV+5WF5i0CP2k0Qp0CC1kM29WNewnwchyPpiwI71+82q2dma
HOZbgpXzeDegXIW87YJJCLalKDvUF/2hi5TUept5dCqPlrwmYSicBvibncfzuEgK
4+r4D+urX2cuk3C21+GgyPZbWhMB3CAxi9OMvWrV8hSZZkoSNIKoLSXIF1pUolvb
rVmi6xIvAyJuU+G+2d3GOpbWLyD9me+QD4xqMlscCTz33wvX1n7kh7tQG9QEiIUh
Zrl6iOQ4C2Dgb3DKSqNuSPgdoXhvdqRWwxaXuOxE6BvLugbQjPgPLgnVmKBhoxVQ
nnCjPUQ50s/+PSs/QGSL9YIrsjIMygj6RkLxUG0ew4rJNQmVCEBBS5MXG8IcsO75
Z7FGoHjrQjgusUZ0OGwVST6hryFK9HCOFg0QMhAisrcCLJu8xAbQAdtMmttmkPvj
D9HJAULsx3vObih3EgIQXbVU7lQyzKhhg+hPivAUZipRSpgAMsLba3ZlNdQVDoIf
D1JaT5Bf7358jOJ8x4Lnx+hnE71f+zsegrnKl/EFMNRhAfh0WBEyDQKTu7PzEoqB
ZGrYz1TmQzS5Az6em3hksWN2fDuo8W6RvaI11meSZ9lYpwS7HXMrSShhmNGEGpMp
MPry/4s/AyaJbbZa76Zdpk9mHo+4QfniTtID7nOJ/WmkYD/QZ3L8K0J0NUn6SaVA
5nFcp2gUy6MHCxh68wq5NXAC0ht0qJSWMmyrU7iypmU83a6Tn6IAGUeP+o6GwhZt
wWgPmp6nDqrnslTtwQ/Wh4NBOWUEUF1PvaOfspp/0p4OEgmsYq85AOZw7sRMZLJH
MG/Irsda34BqIjOUuHRtewl7w/LDL950H+vucueGFF7OznCgGMVLYTi7M6zZ/3NH
vYzc14lhwIbYVFaXuuNw1e4KM8qqlN3h88VFjA9HOobTDFBIBLmsBBTIRt0fOl4I
EMetB5B/2PBBgCcerwD4eg==
